
Microsoft Visual Studio Solution File, Format Version 12.00
# Visual Studio Version 17
VisualStudioVersion = 17.14.36811.4
MinimumVisualStudioVersion = 10.0.40219.1
Project("{FAE04EC0-301F-11D3-BF4B-00C04F79EFBC}") = "InvoiceFlow", "InvoiceFlow.csproj", "{38D01047-C06D-4F75-A6CB-9CAF70163C0C}"
EndProject
Project("{FAE04EC0-301F-11D3-BF4B-00C04F79EFBC}") = "Application", "..\Application\Application.csproj", "{5826D3E2-35D1-3394-E8AD-3768DEE232D8}"
EndProject
Project("{FAE04EC0-301F-11D3-BF4B-00C04F79EFBC}") = "Domain", "..\Domain\Domain.csproj", "{B5C8CBAE-DE02-7B4C-706D-5B7BB03EEA4F}"
EndProject
Project("{FAE04EC0-301F-11D3-BF4B-00C04F79EFBC}") = "Infrastructure", "..\Infrastructure\Infrastructure.csproj", "{C89F7701-1230-045D-AC93-AE7F7C59B668}"
EndProject
Project("{FAE04EC0-301F-11D3-BF4B-00C04F79EFBC}") = "InvoiceFlow.Web", "..\InvoiceFlow.Web\InvoiceFlow.Web.csproj", "{2F3A5E2D-6544-4A2C-A546-5D684AC026A4}"
EndProject
Global
	GlobalSection(SolutionConfigurationPlatforms) = preSolution
		Debug|Any CPU = Debug|Any CPU
		Release|Any CPU = Release|Any CPU
	EndGlobalSection
	GlobalSection(ProjectConfigurationPlatforms) = postSolution
		{38D01047-C06D-4F75-A6CB-9CAF70163C0C}.Debug|Any CPU.ActiveCfg = Debug|Any CPU
		{38D01047-C06D-4F75-A6CB-9CAF70163C0C}.Debug|Any CPU.Build.0 = Debug|Any CPU
		{38D01047-C06D-4F75-A6CB-9CAF70163C0C}.Release|Any CPU.ActiveCfg = Release|Any CPU
		{38D01047-C06D-4F75-A6CB-9CAF70163C0C}.Release|Any CPU.Build.0 = Release|Any CPU
		{5826D3E2-35D1-3394-E8AD-3768DEE232D8}.Debug|Any CPU.ActiveCfg = Debug|Any CPU
		{5826D3E2-35D1-3394-E8AD-3768DEE232D8}.Debug|Any CPU.Build.0 = Debug|Any CPU
		{5826D3E2-35D1-3394-E8AD-3768DEE232D8}.Release|Any CPU.ActiveCfg = Release|Any CPU
		{5826D3E2-35D1-3394-E8AD-3768DEE232D8}.Release|Any CPU.Build.0 = Release|Any CPU
		{B5C8CBAE-DE02-7B4C-706D-5B7BB03EEA4F}.Debug|Any CPU.ActiveCfg = Debug|Any CPU
		{B5C8CBAE-DE02-7B4C-706D-5B7BB03EEA4F}.Debug|Any CPU.Build.0 = Debug|Any CPU
		{B5C8CBAE-DE02-7B4C-706D-5B7BB03EEA4F}.Release|Any CPU.ActiveCfg = Release|Any CPU
		{B5C8CBAE-DE02-7B4C-706D-5B7BB03EEA4F}.Release|Any CPU.Build.0 = Release|Any CPU
		{C89F7701-1230-045D-AC93-AE7F7C59B668}.Debug|Any CPU.ActiveCfg = Debug|Any CPU
		{C89F7701-1230-045D-AC93-AE7F7C59B668}.Debug|Any CPU.Build.0 = Debug|Any CPU
		{C89F7701-1230-045D-AC93-AE7F7C59B668}.Release|Any CPU.ActiveCfg = Release|Any CPU
		{C89F7701-1230-045D-AC93-AE7F7C59B668}.Release|Any CPU.Build.0 = Release|Any CPU
		{2F3A5E2D-6544-4A2C-A546-5D684AC026A4}.Debug|Any CPU.ActiveCfg = Debug|Any CPU
		{2F3A5E2D-6544-4A2C-A546-5D684AC026A4}.Debug|Any CPU.Build.0 = Debug|Any CPU
		{2F3A5E2D-6544-4A2C-A546-5D684AC026A4}.Release|Any CPU.ActiveCfg = Release|Any CPU
		{2F3A5E2D-6544-4A2C-A546-5D684AC026A4}.Release|Any CPU.Build.0 = Release|Any CPU
	EndGlobalSection
	GlobalSection(SolutionProperties) = preSolution
		HideSolutionNode = FALSE
	EndGlobalSection
	GlobalSection(ExtensibilityGlobals) = postSolution
		SolutionGuid = {40B595D7-F553-4BDD-AA92-6ADA170EFF28}
	EndGlobalSection
EndGlobal
